apiVersion: vendir.k14s.io/v1alpha1
directories:
- contents:
  - git:
      commitTitle: Merge tag 'refs/tags/stable-2.12.4' into upgrade-2.12.4...
      sha: 6a3b38f5edf1aa4781ad1b60f899bba020b47b44
      tags:
      - stable-2.10.1-2189-g6a3b38f5e
    path: linkerd
  path: vendor
- contents:
  - directory: {}
    path: .
  path: helm/linkerd-control-plane/templates
- contents:
  - directory: {}
    path: .
  path: helm/linkerd-control-plane/charts/partials
- contents:
  - directory: {}
    path: .
  path: helm/linkerd-control-plane/charts/linkerd-crds
kind: LockConfig
