apiVersion: vendir.k14s.io/v1alpha1
directories:
- contents:
  - git:
      commitTitle: '[GS] add VPA for control plane deployments...'
      sha: f29eb569a347d02b6776b71e3dda619b2dc57cb5
      tags:
      - stable-2.10.1-3188-gf29eb569a
    path: linkerd
  path: vendor
- contents:
  - directory: {}
    path: .
  path: helm/linkerd-control-plane/templates
- contents:
  - directory: {}
    path: .
  path: helm/linkerd-control-plane/charts/partials
- contents:
  - directory: {}
    path: .
  path: helm/linkerd-control-plane/charts/linkerd-crds
kind: LockConfig
